{
  "name": "detect-browser-devtools",
  "version": "1.0.0",
  "lockfileVersion": 1,
  "requires": true,
  "dependencies": {
    "@fimbul/bifrost": {
      "version": "0.15.0",
      "resolved": "https://registry.npmjs.org/@fimbul/bifrost/-/bifrost-0.15.0.tgz",
      "integrity": "sha512-sHTwnwA9YhxcVEJkBlfKH1KLmGQGnNYPxk+09w5NnkXelYiiP8a5f351weYfxG0CUPLt1Fgkha20Y/9+jhjn/Q==",
      "dev": true,
      "requires": {
        "@fimbul/ymir": "0.15.0",
        "get-caller-file": "2.0.0",
        "tslib": "1.9.3",
        "tsutils": "3.4.0"
      },
      "dependencies": {
        "tsutils": {
          "version": "3.4.0",
          "resolved": "https://registry.npmjs.org/tsutils/-/tsutils-3.4.0.tgz",
          "integrity": "sha512-lJOYR+rsCnso8k7C/D1IVSgOmJS9Ds8U4P2H7CxBtTf1w227Zg2nk+Fod8AsUzu3msg8AjZVsNBJb5QgCZsBjQ==",
          "dev": true,
          "requires": {
            "tslib": "1.9.3"
          }
        }
      }
    },
    "@fimbul/ymir": {
      "version": "0.15.0",
      "resolved": "https://registry.npmjs.org/@fimbul/ymir/-/ymir-0.15.0.tgz",
      "integrity": "sha512-Ow0TfxxQ65vIktHcZyXHeDsGKuzJ9Vt6y77R/aOrXQXLMdYHG+XdbiUWzQbtaGOmNzYVkQfINiFnIdvn5Bn24g==",
      "dev": true,
      "requires": {
        "inversify": "5.0.1",
        "reflect-metadata": "0.1.12",
        "tslib": "1.9.3"
      }
    },
    "doctrine": {
      "version": "0.7.2",
      "resolved": "https://registry.npmjs.org/doctrine/-/doctrine-0.7.2.tgz",
      "integrity": "sha1-fLhgNZujvpDgQLJrcpzkv6ZUxSM=",
      "dev": true,
      "requires": {
        "esutils": "1.1.6",
        "isarray": "0.0.1"
      }
    },
    "esutils": {
      "version": "1.1.6",
      "resolved": "https://registry.npmjs.org/esutils/-/esutils-1.1.6.tgz",
      "integrity": "sha1-wBzKqa5LiXxtDD4hCuUvPHqEQ3U=",
      "dev": true
    },
    "get-caller-file": {
      "version": "2.0.0",
      "resolved": "https://registry.npmjs.org/get-caller-file/-/get-caller-file-2.0.0.tgz",
      "integrity": "sha512-cF41L/f/7nXpSwMMHMY0FIurpTPZq/eHwJdeh2+0kKYhL9eD7RqsgMujd3qdqvWdjGIHjwvd/iEMTNECl2EhzA==",
      "dev": true
    },
    "inversify": {
      "version": "5.0.1",
      "resolved": "https://registry.npmjs.org/inversify/-/inversify-5.0.1.tgz",
      "integrity": "sha512-Ieh06s48WnEYGcqHepdsJUIJUXpwH5o5vodAX+DK2JA/gjy4EbEcQZxw+uFfzysmKjiLXGYwNG3qDZsKVMcINQ==",
      "dev": true
    },
    "isarray": {
      "version": "0.0.1",
      "resolved": "https://registry.npmjs.org/isarray/-/isarray-0.0.1.tgz",
      "integrity": "sha1-ihis/Kmo9Bd+Cav8YDiTmwXR7t8=",
      "dev": true
    },
    "reflect-metadata": {
      "version": "0.1.12",
      "resolved": "https://registry.npmjs.org/reflect-metadata/-/reflect-metadata-0.1.12.tgz",
      "integrity": "sha512-n+IyV+nGz3+0q3/Yf1ra12KpCyi001bi4XFxSjbiWWjfqb52iTTtpGXmCCAOWWIAn9KEuFZKGqBERHmrtScZ3A==",
      "dev": true
    },
    "tslib": {
      "version": "1.9.3",
      "resolved": "https://registry.npmjs.org/tslib/-/tslib-1.9.3.tgz",
      "integrity": "sha512-4krF8scpejhaOgqzBEcGM7yDIEfi0/8+8zDRZhNZZ2kjmHJ4hv3zCbQWxoJGz1iw5U0Jl0nma13xzHXcncMavQ==",
      "dev": true
    },
    "tslint-config-airbnb": {
      "version": "5.11.0",
      "resolved": "https://registry.npmjs.org/tslint-config-airbnb/-/tslint-config-airbnb-5.11.0.tgz",
      "integrity": "sha512-o2FhaQtxXi6FQ1v0T2n/rACNos6PhuKRmvemMpWxI+9NJn2OOlJ3+OtEmnCdoF7GPXT3Eyk+Q0q4P96flrPl3w==",
      "dev": true,
      "requires": {
        "tslint-consistent-codestyle": "1.14.1",
        "tslint-eslint-rules": "5.4.0",
        "tslint-microsoft-contrib": "5.2.1"
      }
    },
    "tslint-consistent-codestyle": {
      "version": "1.14.1",
      "resolved": "https://registry.npmjs.org/tslint-consistent-codestyle/-/tslint-consistent-codestyle-1.14.1.tgz",
      "integrity": "sha512-UxGRX2fF5LpZtqYpuPFaIva+2D7ASX3pTVw41yis6Hmw7PPA3cBnFEX1jqRsnyxGrca6mHxz7xDnwCHtOjWJMQ==",
      "dev": true,
      "requires": {
        "@fimbul/bifrost": "0.15.0",
        "tslib": "1.9.3",
        "tsutils": "2.29.0"
      }
    },
    "tslint-eslint-rules": {
      "version": "5.4.0",
      "resolved": "https://registry.npmjs.org/tslint-eslint-rules/-/tslint-eslint-rules-5.4.0.tgz",
      "integrity": "sha512-WlSXE+J2vY/VPgIcqQuijMQiel+UtmXS+4nvK4ZzlDiqBfXse8FAvkNnTcYhnQyOTW5KFM+uRRGXxYhFpuBc6w==",
      "dev": true,
      "requires": {
        "doctrine": "0.7.2",
        "tslib": "1.9.0",
        "tsutils": "3.4.0"
      },
      "dependencies": {
        "tslib": {
          "version": "1.9.0",
          "resolved": "https://registry.npmjs.org/tslib/-/tslib-1.9.0.tgz",
          "integrity": "sha512-f/qGG2tUkrISBlQZEjEqoZ3B2+npJjIf04H1wuAv9iA8i04Icp+61KRXxFdha22670NJopsZCIjhC3SnjPRKrQ==",
          "dev": true
        },
        "tsutils": {
          "version": "3.4.0",
          "resolved": "https://registry.npmjs.org/tsutils/-/tsutils-3.4.0.tgz",
          "integrity": "sha512-lJOYR+rsCnso8k7C/D1IVSgOmJS9Ds8U4P2H7CxBtTf1w227Zg2nk+Fod8AsUzu3msg8AjZVsNBJb5QgCZsBjQ==",
          "dev": true,
          "requires": {
            "tslib": "1.9.0"
          }
        }
      }
    },
    "tslint-microsoft-contrib": {
      "version": "5.2.1",
      "resolved": "https://registry.npmjs.org/tslint-microsoft-contrib/-/tslint-microsoft-contrib-5.2.1.tgz",
      "integrity": "sha512-PDYjvpo0gN9IfMULwKk0KpVOPMhU6cNoT9VwCOLeDl/QS8v8W2yspRpFFuUS7/c5EIH/n8ApMi8TxJAz1tfFUA==",
      "dev": true,
      "requires": {
        "tsutils": "2.28.0"
      },
      "dependencies": {
        "tsutils": {
          "version": "2.28.0",
          "resolved": "https://registry.npmjs.org/tsutils/-/tsutils-2.28.0.tgz",
          "integrity": "sha512-bh5nAtW0tuhvOJnx1GLRn5ScraRLICGyJV5wJhtRWOLsxW70Kk5tZtpK3O/hW6LDnqKS9mlUMPZj9fEMJ0gxqA==",
          "dev": true,
          "requires": {
            "tslib": "1.9.3"
          }
        }
      }
    },
    "tsutils": {
      "version": "2.29.0",
      "resolved": "https://registry.npmjs.org/tsutils/-/tsutils-2.29.0.tgz",
      "integrity": "sha512-g5JVHCIJwzfISaXpXE1qvNalca5Jwob6FjI4AoPlqMusJ6ftFE7IkkFoMhVLRgK+4Kx3gkzb8UZK5t5yTTvEmA==",
      "dev": true,
      "requires": {
        "tslib": "1.9.3"
      }
    }
  }
}
